# @generated by Move, please check-in and do not edit manually.

[move]
version = 3
manifest_digest = "5E0EF682A88740D7653E8418A4AFE2DB8A4FBB4CE0EE1E431D102FB5AB423020"
deps_digest = "060AD7E57DFB13104F21BE5F5C3759D03F0553FC3229247D9A7A6B45F50D03A3"
dependencies = [
  { id = "Sui", name = "Sui" },
  { id = "stablecoin", name = "stablecoin" },
  { id = "sui_extensions", name = "sui_extensions" },
]

[[move.package]]
id = "MoveStdlib"
source = { git = "https://github.com/MystenLabs/sui.git", rev = "framework/mainnet", subdir = "crates/sui-framework/packages/move-stdlib" }

[[move.package]]
id = "Sui"
source = { git = "https://github.com/MystenLabs/sui.git", rev = "framework/mainnet", subdir = "crates/sui-framework/packages/sui-framework" }

dependencies = [
  { id = "MoveStdlib", name = "MoveStdlib" },
]

[[move.package]]
id = "stablecoin"
source = { local = "../stablecoin" }

dependencies = [
  { id = "Sui", name = "Sui" },
  { id = "sui_extensions", name = "sui_extensions" },
]

[[move.package]]
id = "sui_extensions"
source = { local = "../sui_extensions" }

dependencies = [
  { id = "Sui", name = "Sui" },
]

[move.toolchain-version]
compiler-version = "1.35.4"
edition = "2024.beta"
flavor = "sui"

[env]

[env.testnet]
chain-id = "4c78adac"
original-published-id = "0xa1ec7fc00a6f40db9693ad1415d0c193ad3906494428cf252621037bd7117e29"
latest-published-id = "0xa1ec7fc00a6f40db9693ad1415d0c193ad3906494428cf252621037bd7117e29"
published-version = "1"

[env.mainnet]
chain-id = "35834a8a"
original-published-id = "0xdba34672e30cb065b1f93e3ab55318768fd6fef66c15942c9f7cb846e2f900e7"
latest-published-id = "0xdba34672e30cb065b1f93e3ab55318768fd6fef66c15942c9f7cb846e2f900e7"
published-version = "1"