# @generated by Move, please check-in and do not edit manually.

[move]
version = 2
manifest_digest = "ABA1524663D440900546D4974790DA8D09F215C13E09CFAB85E662699663EF86"
deps_digest = "3C4103934B1E040BB6B23F1D610B4EF9F2F1166A50A104EADCF77467C004C600"
dependencies = [
  { name = "Sui" },
  { name = "stablecoin" },
]

[[move.package]]
name = "MoveStdlib"
source = { git = "https://github.com/MystenLabs/sui.git", rev = "08b50387a184d842060888def915c4cf75c022aa", subdir = "crates/sui-framework/packages/move-stdlib" }

[[move.package]]
name = "Sui"
source = { git = "https://github.com/MystenLabs/sui.git", rev = "08b50387a184d842060888def915c4cf75c022aa", subdir = "crates/sui-framework/packages/sui-framework" }

dependencies = [
  { name = "MoveStdlib" },
]

[[move.package]]
name = "stablecoin"
source = { local = "../stablecoin" }

dependencies = [
  { name = "Sui" },
]

[move.toolchain-version]
compiler-version = "1.28.2"
edition = "2024.beta"
flavor = "sui"
