# @generated by Move, please check-in and do not edit manually.

[move]
version = 2
manifest_digest = "95C6A0D504FF3FD75769B0089DE9D8ED7CF00A11921984A05743BBE816C63C91"
deps_digest = "060AD7E57DFB13104F21BE5F5C3759D03F0553FC3229247D9A7A6B45F50D03A3"
dependencies = [
  { name = "Sui" },
  { name = "stablecoin" },
  { name = "sui_extensions" },
]

[[move.package]]
name = "MoveStdlib"
source = { git = "https://github.com/MystenLabs/sui.git", rev = "afe6d2679a8fa397757a3e0188fc211e7387ee0a", subdir = "crates/sui-framework/packages/move-stdlib" }

[[move.package]]
name = "Sui"
source = { git = "https://github.com/MystenLabs/sui.git", rev = "afe6d2679a8fa397757a3e0188fc211e7387ee0a", subdir = "crates/sui-framework/packages/sui-framework" }

dependencies = [
  { name = "MoveStdlib" },
]

[[move.package]]
name = "stablecoin"
source = { local = "../stablecoin" }

dependencies = [
  { name = "Sui" },
  { name = "sui_extensions" },
]

[[move.package]]
name = "sui_extensions"
source = { local = "../sui_extensions" }

dependencies = [
  { name = "Sui" },
]

[move.toolchain-version]
compiler-version = "1.29.0"
edition = "2024.beta"
flavor = "sui"
