# @generated by Move, please check-in and do not edit manually.

[move]
version = 3
manifest_digest = "928B282B4D5D9D2E5206D1C01108A8DD4DD34B090D45C7B1EB1624D1DB8AD727"
deps_digest = "3C4103934B1E040BB6B23F1D610B4EF9F2F1166A50A104EADCF77467C004C600"
dependencies = [
  { id = "Sui", name = "Sui" },
  { id = "sui_extensions", name = "sui_extensions" },
]

[[move.package]]
id = "MoveStdlib"
source = { git = "https://github.com/MystenLabs/sui.git", rev = "framework/mainnet", subdir = "crates/sui-framework/packages/move-stdlib" }

[[move.package]]
id = "Sui"
source = { git = "https://github.com/MystenLabs/sui.git", rev = "framework/mainnet", subdir = "crates/sui-framework/packages/sui-framework" }

dependencies = [
  { id = "MoveStdlib", name = "MoveStdlib" },
]

[[move.package]]
id = "sui_extensions"
source = { local = "../sui_extensions" }

dependencies = [
  { id = "Sui", name = "Sui" },
]

[move.toolchain-version]
compiler-version = "1.35.4"
edition = "2024.beta"
flavor = "sui"

[env]

[env.testnet]
chain-id = "4c78adac"
original-published-id = "0x346e3233f61eb0055713417bfaddda7dc3bf26816faad1f7606994a368b92917"
latest-published-id = "0x346e3233f61eb0055713417bfaddda7dc3bf26816faad1f7606994a368b92917"
published-version = "1"

[env.mainnet]
chain-id = "35834a8a"
original-published-id = "0xecf47609d7da919ea98e7fd04f6e0648a0a79b337aaad373fa37aac8febf19c8"
latest-published-id = "0xecf47609d7da919ea98e7fd04f6e0648a0a79b337aaad373fa37aac8febf19c8"
published-version = "1"
