# @generated by Move, please check-in and do not edit manually.

[move]
version = 2
manifest_digest = "52830716EE797A02753B5CAE167219CD6F88EAC54020781570065F26942CB32C"
deps_digest = "F8BBB0CCB2491CA29A3DF03D6F92277A4F3574266507ACD77214D37ECA3F3082"
dependencies = [
  { name = "Sui" },
]

[[move.package]]
name = "MoveStdlib"
source = { git = "https://github.com/MystenLabs/sui.git", rev = "08b50387a184d842060888def915c4cf75c022aa", subdir = "crates/sui-framework/packages/move-stdlib" }

[[move.package]]
name = "Sui"
source = { git = "https://github.com/MystenLabs/sui.git", rev = "08b50387a184d842060888def915c4cf75c022aa", subdir = "crates/sui-framework/packages/sui-framework" }

dependencies = [
  { name = "MoveStdlib" },
]

[move.toolchain-version]
compiler-version = "1.28.2"
edition = "2024.beta"
flavor = "sui"
