# @generated by Move, please check-in and do not edit manually.

[move]
version = 2
manifest_digest = "95468D4CF1F3FC5E3888A2CC848CCA5B7E118053B5BC715907533CA4310E85EB"
deps_digest = "3C4103934B1E040BB6B23F1D610B4EF9F2F1166A50A104EADCF77467C004C600"
dependencies = [
  { name = "Sui" },
  { name = "sui_extensions" },
]

[[move.package]]
name = "MoveStdlib"
source = { git = "https://github.com/MystenLabs/sui.git", rev = "afe6d2679a8fa397757a3e0188fc211e7387ee0a", subdir = "crates/sui-framework/packages/move-stdlib" }

[[move.package]]
name = "Sui"
source = { git = "https://github.com/MystenLabs/sui.git", rev = "afe6d2679a8fa397757a3e0188fc211e7387ee0a", subdir = "crates/sui-framework/packages/sui-framework" }

dependencies = [
  { name = "MoveStdlib" },
]

[[move.package]]
name = "sui_extensions"
source = { local = "../sui_extensions" }

dependencies = [
  { name = "Sui" },
]

[move.toolchain-version]
compiler-version = "1.29.0"
edition = "2024.beta"
flavor = "sui"
